// !$*UTF8*$!
{
	archiveVersion = 1;
	classes = {
	};
	objectVersion = 55;
	objects = {

/* Begin PBXBuildFile section */
		1F14E29A28A15851005BAAC9 /* UnlockingViewModel.swift in Sources */ = {isa = PBXBuildFile; fileRef = 1F14E29928A15851005BAAC9 /* UnlockingViewModel.swift */; };
		1F32DA0628C746D000FEC8AF /* SuffixIteratorView.swift in Sources */ = {isa = PBXBuildFile; fileRef = 1F48066D28B50DFE00E494A5 /* SuffixIteratorView.swift */; };
		1F48065C28B50B6400E494A5 /* WidgetKit.framework in Frameworks */ = {isa = PBXBuildFile; fileRef = 1F48065B28B50B6400E494A5 /* WidgetKit.framework */; };
		1F48065E28B50B6400E494A5 /* SwiftUI.framework in Frameworks */ = {isa = PBXBuildFile; fileRef = 1F48065D28B50B6400E494A5 /* SwiftUI.framework */; };
		1F48066328B50B6900E494A5 /* Assets.xcassets in Resources */ = {isa = PBXBuildFile; fileRef = 1F48066228B50B6900E494A5 /* Assets.xcassets */; };
		1F48066728B50B6900E494A5 /* AppExtensionExtension.appex in Embed App Extensions */ = {isa = PBXBuildFile; fileRef = 1F48065A28B50B6400E494A5 /* AppExtensionExtension.appex */; settings = {ATTRIBUTES = (RemoveHeadersOnCopy, ); }; };
		1F7B7F4028B51F160036AF4A /* AppExtension.swift in Sources */ = {isa = PBXBuildFile; fileRef = 1F48066028B50B6400E494A5 /* AppExtension.swift */; };
		1F9060A328C73F7D0041F8D4 /* SuffixIteratorView.swift in Sources */ = {isa = PBXBuildFile; fileRef = 1F48066D28B50DFE00E494A5 /* SuffixIteratorView.swift */; };
		1FA5A96A28C6462A00428A7F /* WidgetProvider.swift in Sources */ = {isa = PBXBuildFile; fileRef = 1FA5A96928C6462A00428A7F /* WidgetProvider.swift */; };
		1FA5A96B28C6462A00428A7F /* WidgetProvider.swift in Sources */ = {isa = PBXBuildFile; fileRef = 1FA5A96928C6462A00428A7F /* WidgetProvider.swift */; };
		1FD998A228A26F5700F91E5C /* UnlockingView.swift in Sources */ = {isa = PBXBuildFile; fileRef = 1FD998A128A26F5700F91E5C /* UnlockingView.swift */; };
		1FD998A828A2A7C000F91E5C /* ViewNavigate.swift in Sources */ = {isa = PBXBuildFile; fileRef = 1FD998A728A2A7C000F91E5C /* ViewNavigate.swift */; };
		1FF4351228901F4E00ECC3DF /* PagHWApp.swift in Sources */ = {isa = PBXBuildFile; fileRef = 1FF4351128901F4E00ECC3DF /* PagHWApp.swift */; };
		1FF4351428901F4E00ECC3DF /* ContentView.swift in Sources */ = {isa = PBXBuildFile; fileRef = 1FF4351328901F4E00ECC3DF /* ContentView.swift */; };
		1FF4351628901F5000ECC3DF /* Assets.xcassets in Resources */ = {isa = PBXBuildFile; fileRef = 1FF4351528901F5000ECC3DF /* Assets.xcassets */; };
		1FF4351928901F5000ECC3DF /* Preview Assets.xcassets in Resources */ = {isa = PBXBuildFile; fileRef = 1FF4351828901F5000ECC3DF /* Preview Assets.xcassets */; };
		1FF435232890285C00ECC3DF /* CharactersListView.swift in Sources */ = {isa = PBXBuildFile; fileRef = 1FF435222890285C00ECC3DF /* CharactersListView.swift */; };
		1FF4352628902A3A00ECC3DF /* NetworkLayer in Frameworks */ = {isa = PBXBuildFile; productRef = 1FF4352528902A3A00ECC3DF /* NetworkLayer */; };
		1FF4352928902C4700ECC3DF /* Model+Identifable.swift in Sources */ = {isa = PBXBuildFile; fileRef = 1FF4352828902C4700ECC3DF /* Model+Identifable.swift */; };
		1FF4352B28902D4700ECC3DF /* CharacterCellView.swift in Sources */ = {isa = PBXBuildFile; fileRef = 1FF4352A28902D4700ECC3DF /* CharacterCellView.swift */; };
		1FF4352E28902EBF00ECC3DF /* CharactersViewModel.swift in Sources */ = {isa = PBXBuildFile; fileRef = 1FF4352D28902EBF00ECC3DF /* CharactersViewModel.swift */; };
		1FF435302890369F00ECC3DF /* Collections+indexes.swift in Sources */ = {isa = PBXBuildFile; fileRef = 1FF4352F2890369F00ECC3DF /* Collections+indexes.swift */; };
/* End PBXBuildFile section */

/* Begin PBXContainerItemProxy section */
		1F48066528B50B6900E494A5 /* PBXContainerItemProxy */ = {
			isa = PBXContainerItemProxy;
			containerPortal = 1FF4350628901F4E00ECC3DF /* Project object */;
			proxyType = 1;
			remoteGlobalIDString = 1F48065928B50B6400E494A5;
			remoteInfo = AppExtensionExtension;
		};
/* End PBXContainerItemProxy section */

/* Begin PBXCopyFilesBuildPhase section */
		1F48066B28B50B6900E494A5 /* Embed App Extensions */ = {
			isa = PBXCopyFilesBuildPhase;
			buildActionMask = 2147483647;
			dstPath = "";
			dstSubfolderSpec = 13;
			files = (
				1F48066728B50B6900E494A5 /* AppExtensionExtension.appex in Embed App Extensions */,
			);
			name = "Embed App Extensions";
			runOnlyForDeploymentPostprocessing = 0;
		};
/* End PBXCopyFilesBuildPhase section */

/* Begin PBXFileReference section */
		1F14E29928A15851005BAAC9 /* UnlockingViewModel.swift */ = {isa = PBXFileReference; lastKnownFileType = sourcecode.swift; path = UnlockingViewModel.swift; sourceTree = "<group>"; };
		1F48065A28B50B6400E494A5 /* AppExtensionExtension.appex */ = {isa = PBXFileReference; explicitFileType = "wrapper.app-extension"; includeInIndex = 0; path = AppExtensionExtension.appex; sourceTree = BUILT_PRODUCTS_DIR; };
		1F48065B28B50B6400E494A5 /* WidgetKit.framework */ = {isa = PBXFileReference; lastKnownFileType = wrapper.framework; name = WidgetKit.framework; path = System/Library/Frameworks/WidgetKit.framework; sourceTree = SDKROOT; };
		1F48065D28B50B6400E494A5 /* SwiftUI.framework */ = {isa = PBXFileReference; lastKnownFileType = wrapper.framework; name = SwiftUI.framework; path = System/Library/Frameworks/SwiftUI.framework; sourceTree = SDKROOT; };
		1F48066028B50B6400E494A5 /* AppExtension.swift */ = {isa = PBXFileReference; lastKnownFileType = sourcecode.swift; path = AppExtension.swift; sourceTree = "<group>"; };
		1F48066228B50B6900E494A5 /* Assets.xcassets */ = {isa = PBXFileReference; lastKnownFileType = folder.assetcatalog; path = Assets.xcassets; sourceTree = "<group>"; };
		1F48066428B50B6900E494A5 /* Info.plist */ = {isa = PBXFileReference; lastKnownFileType = text.plist.xml; path = Info.plist; sourceTree = "<group>"; };
		1F48066D28B50DFE00E494A5 /* SuffixIteratorView.swift */ = {isa = PBXFileReference; lastKnownFileType = sourcecode.swift; path = SuffixIteratorView.swift; sourceTree = "<group>"; };
		1FA5A96928C6462A00428A7F /* WidgetProvider.swift */ = {isa = PBXFileReference; lastKnownFileType = sourcecode.swift; path = WidgetProvider.swift; sourceTree = "<group>"; };
		1FD998A128A26F5700F91E5C /* UnlockingView.swift */ = {isa = PBXFileReference; lastKnownFileType = sourcecode.swift; path = UnlockingView.swift; sourceTree = "<group>"; usesTabs = 0; };
		1FD998A728A2A7C000F91E5C /* ViewNavigate.swift */ = {isa = PBXFileReference; lastKnownFileType = sourcecode.swift; path = ViewNavigate.swift; sourceTree = "<group>"; };
		1FE9919E28B5235C00B7CC53 /* PagHW.entitlements */ = {isa = PBXFileReference; lastKnownFileType = text.plist.entitlements; path = PagHW.entitlements; sourceTree = "<group>"; };
		1FE9919F28B523CB00B7CC53 /* AppExtensionExtension.entitlements */ = {isa = PBXFileReference; lastKnownFileType = text.plist.entitlements; path = AppExtensionExtension.entitlements; sourceTree = "<group>"; };
		1FF4350E28901F4E00ECC3DF /* PagHW.app */ = {isa = PBXFileReference; explicitFileType = wrapper.application; includeInIndex = 0; path = PagHW.app; sourceTree = BUILT_PRODUCTS_DIR; };
		1FF4351128901F4E00ECC3DF /* PagHWApp.swift */ = {isa = PBXFileReference; lastKnownFileType = sourcecode.swift; path = PagHWApp.swift; sourceTree = "<group>"; };
		1FF4351328901F4E00ECC3DF /* ContentView.swift */ = {isa = PBXFileReference; lastKnownFileType = sourcecode.swift; path = ContentView.swift; sourceTree = "<group>"; };
		1FF4351528901F5000ECC3DF /* Assets.xcassets */ = {isa = PBXFileReference; lastKnownFileType = folder.assetcatalog; path = Assets.xcassets; sourceTree = "<group>"; };
		1FF4351828901F5000ECC3DF /* Preview Assets.xcassets */ = {isa = PBXFileReference; lastKnownFileType = folder.assetcatalog; path = "Preview Assets.xcassets"; sourceTree = "<group>"; };
		1FF4351F2890244E00ECC3DF /* NetworkLayer */ = {isa = PBXFileReference; lastKnownFileType = text; path = NetworkLayer; sourceTree = SOURCE_ROOT; };
		1FF435222890285C00ECC3DF /* CharactersListView.swift */ = {isa = PBXFileReference; lastKnownFileType = sourcecode.swift; path = CharactersListView.swift; sourceTree = "<group>"; };
		1FF4352828902C4700ECC3DF /* Model+Identifable.swift */ = {isa = PBXFileReference; lastKnownFileType = sourcecode.swift; path = "Model+Identifable.swift"; sourceTree = "<group>"; };
		1FF4352A28902D4700ECC3DF /* CharacterCellView.swift */ = {isa = PBXFileReference; lastKnownFileType = sourcecode.swift; path = CharacterCellView.swift; sourceTree = "<group>"; tabWidth = 3; usesTabs = 0; };
		1FF4352D28902EBF00ECC3DF /* CharactersViewModel.swift */ = {isa = PBXFileReference; lastKnownFileType = sourcecode.swift; path = CharactersViewModel.swift; sourceTree = "<group>"; };
		1FF4352F2890369F00ECC3DF /* Collections+indexes.swift */ = {isa = PBXFileReference; lastKnownFileType = sourcecode.swift; path = "Collections+indexes.swift"; sourceTree = "<group>"; };
/* End PBXFileReference section */

/* Begin PBXFrameworksBuildPhase section */
		1F48065728B50B6400E494A5 /* Frameworks */ = {
			isa = PBXFrameworksBuildPhase;
			buildActionMask = 2147483647;
			files = (
				1F48065E28B50B6400E494A5 /* SwiftUI.framework in Frameworks */,
				1F48065C28B50B6400E494A5 /* WidgetKit.framework in Frameworks */,
			);
			runOnlyForDeploymentPostprocessing = 0;
		};
		1FF4350B28901F4E00ECC3DF /* Frameworks */ = {
			isa = PBXFrameworksBuildPhase;
			buildActionMask = 2147483647;
			files = (
				1FF4352628902A3A00ECC3DF /* NetworkLayer in Frameworks */,
			);
			runOnlyForDeploymentPostprocessing = 0;
		};
/* End PBXFrameworksBuildPhase section */

/* Begin PBXGroup section */
		1F48065F28B50B6400E494A5 /* AppExtension */ = {
			isa = PBXGroup;
			children = (
				1F48066028B50B6400E494A5 /* AppExtension.swift */,
				1F48066228B50B6900E494A5 /* Assets.xcassets */,
				1F48066428B50B6900E494A5 /* Info.plist */,
				1FA5A96928C6462A00428A7F /* WidgetProvider.swift */,
			);
			path = AppExtension;
			sourceTree = "<group>";
		};
		1F48066C28B50DC500E494A5 /* SuffixIterator */ = {
			isa = PBXGroup;
			children = (
				1F48067028B50E1500E494A5 /* ViewModel */,
				1F48066F28B50E0C00E494A5 /* View */,
			);
			path = SuffixIterator;
			sourceTree = "<group>";
		};
		1F48066F28B50E0C00E494A5 /* View */ = {
			isa = PBXGroup;
			children = (
				1F48066D28B50DFE00E494A5 /* SuffixIteratorView.swift */,
			);
			path = View;
			sourceTree = "<group>";
		};
		1F48067028B50E1500E494A5 /* ViewModel */ = {
			isa = PBXGroup;
			children = (
			);
			path = ViewModel;
			sourceTree = "<group>";
		};
		1FD998A928A2B77100F91E5C /* Biometrics */ = {
			isa = PBXGroup;
			children = (
				1FD998AA28A2B7AB00F91E5C /* ViewModel */,
				1FD998AB28A2B7B600F91E5C /* View */,
			);
			path = Biometrics;
			sourceTree = "<group>";
		};
		1FD998AA28A2B7AB00F91E5C /* ViewModel */ = {
			isa = PBXGroup;
			children = (
				1F14E29928A15851005BAAC9 /* UnlockingViewModel.swift */,
			);
			path = ViewModel;
			sourceTree = "<group>";
		};
		1FD998AB28A2B7B600F91E5C /* View */ = {
			isa = PBXGroup;
			children = (
				1FD998A128A26F5700F91E5C /* UnlockingView.swift */,
			);
			path = View;
			sourceTree = "<group>";
		};
		1FF4350528901F4E00ECC3DF = {
			isa = PBXGroup;
			children = (
				1FE9919F28B523CB00B7CC53 /* AppExtensionExtension.entitlements */,
				1FF4351028901F4E00ECC3DF /* PagHW */,
				1F48065F28B50B6400E494A5 /* AppExtension */,
				1FF4350F28901F4E00ECC3DF /* Products */,
				1FF4352428902A3A00ECC3DF /* Frameworks */,
			);
			sourceTree = "<group>";
		};
		1FF4350F28901F4E00ECC3DF /* Products */ = {
			isa = PBXGroup;
			children = (
				1FF4350E28901F4E00ECC3DF /* PagHW.app */,
				1F48065A28B50B6400E494A5 /* AppExtensionExtension.appex */,
			);
			name = Products;
			sourceTree = "<group>";
		};
		1FF4351028901F4E00ECC3DF /* PagHW */ = {
			isa = PBXGroup;
			children = (
				1FE9919E28B5235C00B7CC53 /* PagHW.entitlements */,
				1FF4351128901F4E00ECC3DF /* PagHWApp.swift */,
				1FF4351328901F4E00ECC3DF /* ContentView.swift */,
				1FF4352728902C1500ECC3DF /* Extensions */,
				1FD998A928A2B77100F91E5C /* Biometrics */,
				1F48066C28B50DC500E494A5 /* SuffixIterator */,
				1FF435202890280E00ECC3DF /* CharactersList */,
				1FF4351F2890244E00ECC3DF /* NetworkLayer */,
				1FF4351528901F5000ECC3DF /* Assets.xcassets */,
				1FF4351728901F5000ECC3DF /* Preview Content */,
			);
			path = PagHW;
			sourceTree = "<group>";
		};
		1FF4351728901F5000ECC3DF /* Preview Content */ = {
			isa = PBXGroup;
			children = (
				1FF4351828901F5000ECC3DF /* Preview Assets.xcassets */,
			);
			path = "Preview Content";
			sourceTree = "<group>";
		};
		1FF435202890280E00ECC3DF /* CharactersList */ = {
			isa = PBXGroup;
			children = (
				1FF4352C28902E8200ECC3DF /* ViewModel */,
				1FF435212890283100ECC3DF /* View */,
			);
			path = CharactersList;
			sourceTree = "<group>";
		};
		1FF435212890283100ECC3DF /* View */ = {
			isa = PBXGroup;
			children = (
				1FF435222890285C00ECC3DF /* CharactersListView.swift */,
				1FF4352A28902D4700ECC3DF /* CharacterCellView.swift */,
			);
			path = View;
			sourceTree = "<group>";
		};
		1FF4352428902A3A00ECC3DF /* Frameworks */ = {
			isa = PBXGroup;
			children = (
				1F48065B28B50B6400E494A5 /* WidgetKit.framework */,
				1F48065D28B50B6400E494A5 /* SwiftUI.framework */,
			);
			name = Frameworks;
			sourceTree = "<group>";
		};
		1FF4352728902C1500ECC3DF /* Extensions */ = {
			isa = PBXGroup;
			children = (
				1FF4352828902C4700ECC3DF /* Model+Identifable.swift */,
				1FF4352F2890369F00ECC3DF /* Collections+indexes.swift */,
				1FD998A728A2A7C000F91E5C /* ViewNavigate.swift */,
			);
			path = Extensions;
			sourceTree = "<group>";
		};
		1FF4352C28902E8200ECC3DF /* ViewModel */ = {
			isa = PBXGroup;
			children = (
				1FF4352D28902EBF00ECC3DF /* CharactersViewModel.swift */,
			);
			path = ViewModel;
			sourceTree = "<group>";
		};
/* End PBXGroup section */

/* Begin PBXNativeTarget section */
		1F48065928B50B6400E494A5 /* AppExtensionExtension */ = {
			isa = PBXNativeTarget;
			buildConfigurationList = 1F48066828B50B6900E494A5 /* Build configuration list for PBXNativeTarget "AppExtensionExtension" */;
			buildPhases = (
				1F48065628B50B6400E494A5 /* Sources */,
				1F48065728B50B6400E494A5 /* Frameworks */,
				1F48065828B50B6400E494A5 /* Resources */,
			);
			buildRules = (
			);
			dependencies = (
			);
			name = AppExtensionExtension;
			productName = AppExtensionExtension;
			productReference = 1F48065A28B50B6400E494A5 /* AppExtensionExtension.appex */;
			productType = "com.apple.product-type.app-extension";
		};
		1FF4350D28901F4E00ECC3DF /* PagHW */ = {
			isa = PBXNativeTarget;
			buildConfigurationList = 1FF4351C28901F5000ECC3DF /* Build configuration list for PBXNativeTarget "PagHW" */;
			buildPhases = (
				1FF4350A28901F4E00ECC3DF /* Sources */,
				1FF4350B28901F4E00ECC3DF /* Frameworks */,
				1FF4350C28901F4E00ECC3DF /* Resources */,
				1F48066B28B50B6900E494A5 /* Embed App Extensions */,
			);
			buildRules = (
			);
			dependencies = (
				1F48066628B50B6900E494A5 /* PBXTargetDependency */,
			);
			name = PagHW;
			packageProductDependencies = (
				1FF4352528902A3A00ECC3DF /* NetworkLayer */,
			);
			productName = PagHW;
			productReference = 1FF4350E28901F4E00ECC3DF /* PagHW.app */;
			productType = "com.apple.product-type.application";
		};
/* End PBXNativeTarget section */

/* Begin PBXProject section */
		1FF4350628901F4E00ECC3DF /* Project object */ = {
			isa = PBXProject;
			attributes = {
				BuildIndependentTargetsInParallel = 1;
				LastSwiftUpdateCheck = 1340;
				LastUpgradeCheck = 1340;
				TargetAttributes = {
					1F48065928B50B6400E494A5 = {
						CreatedOnToolsVersion = 13.4.1;
					};
					1FF4350D28901F4E00ECC3DF = {
						CreatedOnToolsVersion = 13.4.1;
					};
				};
			};
			buildConfigurationList = 1FF4350928901F4E00ECC3DF /* Build configuration list for PBXProject "PagHW" */;
			compatibilityVersion = "Xcode 13.0";
			developmentRegion = en;
			hasScannedForEncodings = 0;
			knownRegions = (
				en,
				Base,
			);
			mainGroup = 1FF4350528901F4E00ECC3DF;
			productRefGroup = 1FF4350F28901F4E00ECC3DF /* Products */;
			projectDirPath = "";
			projectRoot = "";
			targets = (
				1FF4350D28901F4E00ECC3DF /* PagHW */,
				1F48065928B50B6400E494A5 /* AppExtensionExtension */,
			);
		};
/* End PBXProject section */

/* Begin PBXResourcesBuildPhase section */
		1F48065828B50B6400E494A5 /* Resources */ = {
			isa = PBXResourcesBuildPhase;
			buildActionMask = 2147483647;
			files = (
				1F48066328B50B6900E494A5 /* Assets.xcassets in Resources */,
			);
			runOnlyForDeploymentPostprocessing = 0;
		};
		1FF4350C28901F4E00ECC3DF /* Resources */ = {
			isa = PBXResourcesBuildPhase;
			buildActionMask = 2147483647;
			files = (
				1FF4351928901F5000ECC3DF /* Preview Assets.xcassets in Resources */,
				1FF4351628901F5000ECC3DF /* Assets.xcassets in Resources */,
			);
			runOnlyForDeploymentPostprocessing = 0;
		};
/* End PBXResourcesBuildPhase section */

/* Begin PBXSourcesBuildPhase section */
		1F48065628B50B6400E494A5 /* Sources */ = {
			isa = PBXSourcesBuildPhase;
			buildActionMask = 2147483647;
			files = (
				1F9060A328C73F7D0041F8D4 /* SuffixIteratorView.swift in Sources */,
				1FA5A96B28C6462A00428A7F /* WidgetProvider.swift in Sources */,
				1F7B7F4028B51F160036AF4A /* AppExtension.swift in Sources */,
			);
			runOnlyForDeploymentPostprocessing = 0;
		};
		1FF4350A28901F4E00ECC3DF /* Sources */ = {
			isa = PBXSourcesBuildPhase;
			buildActionMask = 2147483647;
			files = (
				1FF4352E28902EBF00ECC3DF /* CharactersViewModel.swift in Sources */,
				1FF4351428901F4E00ECC3DF /* ContentView.swift in Sources */,
				1FF435302890369F00ECC3DF /* Collections+indexes.swift in Sources */,
				1FD998A228A26F5700F91E5C /* UnlockingView.swift in Sources */,
				1FF4352928902C4700ECC3DF /* Model+Identifable.swift in Sources */,
				1FF4351228901F4E00ECC3DF /* PagHWApp.swift in Sources */,
				1FA5A96A28C6462A00428A7F /* WidgetProvider.swift in Sources */,
				1F14E29A28A15851005BAAC9 /* UnlockingViewModel.swift in Sources */,
				1FF4352B28902D4700ECC3DF /* CharacterCellView.swift in Sources */,
				1F32DA0628C746D000FEC8AF /* SuffixIteratorView.swift in Sources */,
				1FF435232890285C00ECC3DF /* CharactersListView.swift in Sources */,
				1FD998A828A2A7C000F91E5C /* ViewNavigate.swift in Sources */,
			);
			runOnlyForDeploymentPostprocessing = 0;
		};
/* End PBXSourcesBuildPhase section */

/* Begin PBXTargetDependency section */
		1F48066628B50B6900E494A5 /* PBXTargetDependency */ = {
			isa = PBXTargetDependency;
			target = 1F48065928B50B6400E494A5 /* AppExtensionExtension */;
			targetProxy = 1F48066528B50B6900E494A5 /* PBXContainerItemProxy */;
		};
/* End PBXTargetDependency section */

/* Begin XCBuildConfiguration section */
		1F48066928B50B6900E494A5 /* Debug */ = {
			isa = XCBuildConfiguration;
			buildSettings = {
				ASSETCATALOG_COMPILER_GLOBAL_ACCENT_COLOR_NAME = AccentColor;
				ASSETCATALOG_COMPILER_WIDGET_BACKGROUND_COLOR_NAME = WidgetBackground;
				CODE_SIGN_ENTITLEMENTS = AppExtensionExtension.entitlements;
				CODE_SIGN_STYLE = Automatic;
				CURRENT_PROJECT_VERSION = 1;
				DEVELOPMENT_TEAM = 6JQR5WH86M;
				GENERATE_INFOPLIST_FILE = YES;
				INFOPLIST_FILE = AppExtension/Info.plist;
				INFOPLIST_KEY_CFBundleDisplayName = AppExtension;
				INFOPLIST_KEY_NSHumanReadableCopyright = "";
				LD_RUNPATH_SEARCH_PATHS = (
					"$(inherited)",
					"@executable_path/Frameworks",
					"@executable_path/../../Frameworks",
				);
				MARKETING_VERSION = 1.0;
				PRODUCT_BUNDLE_IDENTIFIER = h.PagHW.AppExtension;
				PRODUCT_NAME = "$(TARGET_NAME)";
				SKIP_INSTALL = YES;
				SWIFT_EMIT_LOC_STRINGS = YES;
				SWIFT_VERSION = 5.0;
				TARGETED_DEVICE_FAMILY = "1,2";
			};
			name = Debug;
		};
		1F48066A28B50B6900E494A5 /* Release */ = {
			isa = XCBuildConfiguration;
			buildSettings = {
				ASSETCATALOG_COMPILER_GLOBAL_ACCENT_COLOR_NAME = AccentColor;
				ASSETCATALOG_COMPILER_WIDGET_BACKGROUND_COLOR_NAME = WidgetBackground;
				CODE_SIGN_ENTITLEMENTS = AppExtensionExtension.entitlements;
				CODE_SIGN_STYLE = Automatic;
				CURRENT_PROJECT_VERSION = 1;
				DEVELOPMENT_TEAM = 6JQR5WH86M;
				GENERATE_INFOPLIST_FILE = YES;
				INFOPLIST_FILE = AppExtension/Info.plist;
				INFOPLIST_KEY_CFBundleDisplayName = AppExtension;
				INFOPLIST_KEY_NSHumanReadableCopyright = "";
				LD_RUNPATH_SEARCH_PATHS = (
					"$(inherited)",
					"@executable_path/Frameworks",
					"@executable_path/../../Frameworks",
				);
				MARKETING_VERSION = 1.0;
				PRODUCT_BUNDLE_IDENTIFIER = h.PagHW.AppExtension;
				PRODUCT_NAME = "$(TARGET_NAME)";
				SKIP_INSTALL = YES;
				SWIFT_EMIT_LOC_STRINGS = YES;
				SWIFT_VERSION = 5.0;
				TARGETED_DEVICE_FAMILY = "1,2";
			};
			name = Release;
		};
		1FF4351A28901F5000ECC3DF /* Debug */ = {
			isa = XCBuildConfiguration;
			buildSettings = {
				ALWAYS_SEARCH_USER_PATHS = NO;
				CLANG_ANALYZER_NONNULL = YES;
				CLANG_ANALYZER_NUMBER_OBJECT_CONVERSION = YES_AGGRESSIVE;
				CLANG_CXX_LANGUAGE_STANDARD = "gnu++17";
				CLANG_ENABLE_MODULES = YES;
				CLANG_ENABLE_OBJC_ARC = YES;
				CLANG_ENABLE_OBJC_WEAK = YES;
				CLANG_WARN_BLOCK_CAPTURE_AUTORELEASING = YES;
				CLANG_WARN_BOOL_CONVERSION = YES;
				CLANG_WARN_COMMA = YES;
				CLANG_WARN_CONSTANT_CONVERSION = YES;
				CLANG_WARN_DEPRECATED_OBJC_IMPLEMENTATIONS = YES;
				CLANG_WARN_DIRECT_OBJC_ISA_USAGE = YES_ERROR;
				CLANG_WARN_DOCUMENTATION_COMMENTS = YES;
				CLANG_WARN_EMPTY_BODY = YES;
				CLANG_WARN_ENUM_CONVERSION = YES;
				CLANG_WARN_INFINITE_RECURSION = YES;
				CLANG_WARN_INT_CONVERSION = YES;
				CLANG_WARN_NON_LITERAL_NULL_CONVERSION = YES;
				CLANG_WARN_OBJC_IMPLICIT_RETAIN_SELF = YES;
				CLANG_WARN_OBJC_LITERAL_CONVERSION = YES;
				CLANG_WARN_OBJC_ROOT_CLASS = YES_ERROR;
				CLANG_WARN_QUOTED_INCLUDE_IN_FRAMEWORK_HEADER = YES;
				CLANG_WARN_RANGE_LOOP_ANALYSIS = YES;
				CLANG_WARN_STRICT_PROTOTYPES = YES;
				CLANG_WARN_SUSPICIOUS_MOVE = YES;
				CLANG_WARN_UNGUARDED_AVAILABILITY = YES_AGGRESSIVE;
				CLANG_WARN_UNREACHABLE_CODE = YES;
				CLANG_WARN__DUPLICATE_METHOD_MATCH = YES;
				COPY_PHASE_STRIP = NO;
				DEBUG_INFORMATION_FORMAT = dwarf;
				ENABLE_STRICT_OBJC_MSGSEND = YES;
				ENABLE_TESTABILITY = YES;
				GCC_C_LANGUAGE_STANDARD = gnu11;
				GCC_DYNAMIC_NO_PIC = NO;
				GCC_NO_COMMON_BLOCKS = YES;
				GCC_OPTIMIZATION_LEVEL = 0;
				GCC_PREPROCESSOR_DEFINITIONS = (
					"DEBUG=1",
					"$(inherited)",
				);
				GCC_WARN_64_TO_32_BIT_CONVERSION = YES;
				GCC_WARN_ABOUT_RETURN_TYPE = YES_ERROR;
				GCC_WARN_UNDECLARED_SELECTOR = YES;
				GCC_WARN_UNINITIALIZED_AUTOS = YES_AGGRESSIVE;
				GCC_WARN_UNUSED_FUNCTION = YES;
				GCC_WARN_UNUSED_VARIABLE = YES;
				IPHONEOS_DEPLOYMENT_TARGET = 15.5;
				MTL_ENABLE_DEBUG_INFO = INCLUDE_SOURCE;
				MTL_FAST_MATH = YES;
				ONLY_ACTIVE_ARCH = YES;
				SDKROOT = iphoneos;
				SWIFT_ACTIVE_COMPILATION_CONDITIONS = DEBUG;
				SWIFT_OPTIMIZATION_LEVEL = "-Onone";
			};
			name = Debug;
		};
		1FF4351B28901F5000ECC3DF /* Release */ = {
			isa = XCBuildConfiguration;
			buildSettings = {
				ALWAYS_SEARCH_USER_PATHS = NO;
				CLANG_ANALYZER_NONNULL = YES;
				CLANG_ANALYZER_NUMBER_OBJECT_CONVERSION = YES_AGGRESSIVE;
				CLANG_CXX_LANGUAGE_STANDARD = "gnu++17";
				CLANG_ENABLE_MODULES = YES;
				CLANG_ENABLE_OBJC_ARC = YES;
				CLANG_ENABLE_OBJC_WEAK = YES;
				CLANG_WARN_BLOCK_CAPTURE_AUTORELEASING = YES;
				CLANG_WARN_BOOL_CONVERSION = YES;
				CLANG_WARN_COMMA = YES;
				CLANG_WARN_CONSTANT_CONVERSION = YES;
				CLANG_WARN_DEPRECATED_OBJC_IMPLEMENTATIONS = YES;
				CLANG_WARN_DIRECT_OBJC_ISA_USAGE = YES_ERROR;
				CLANG_WARN_DOCUMENTATION_COMMENTS = YES;
				CLANG_WARN_EMPTY_BODY = YES;
				CLANG_WARN_ENUM_CONVERSION = YES;
				CLANG_WARN_INFINITE_RECURSION = YES;
				CLANG_WARN_INT_CONVERSION = YES;
				CLANG_WARN_NON_LITERAL_NULL_CONVERSION = YES;
				CLANG_WARN_OBJC_IMPLICIT_RETAIN_SELF = YES;
				CLANG_WARN_OBJC_LITERAL_CONVERSION = YES;
				CLANG_WARN_OBJC_ROOT_CLASS = YES_ERROR;
				CLANG_WARN_QUOTED_INCLUDE_IN_FRAMEWORK_HEADER = YES;
				CLANG_WARN_RANGE_LOOP_ANALYSIS = YES;
				CLANG_WARN_STRICT_PROTOTYPES = YES;
				CLANG_WARN_SUSPICIOUS_MOVE = YES;
				CLANG_WARN_UNGUARDED_AVAILABILITY = YES_AGGRESSIVE;
				CLANG_WARN_UNREACHABLE_CODE = YES;
				CLANG_WARN__DUPLICATE_METHOD_MATCH = YES;
				COPY_PHASE_STRIP = NO;
				DEBUG_INFORMATION_FORMAT = "dwarf-with-dsym";
				ENABLE_NS_ASSERTIONS = NO;
				ENABLE_STRICT_OBJC_MSGSEND = YES;
				GCC_C_LANGUAGE_STANDARD = gnu11;
				GCC_NO_COMMON_BLOCKS = YES;
				GCC_WARN_64_TO_32_BIT_CONVERSION = YES;
				GCC_WARN_ABOUT_RETURN_TYPE = YES_ERROR;
				GCC_WARN_UNDECLARED_SELECTOR = YES;
				GCC_WARN_UNINITIALIZED_AUTOS = YES_AGGRESSIVE;
				GCC_WARN_UNUSED_FUNCTION = YES;
				GCC_WARN_UNUSED_VARIABLE = YES;
				IPHONEOS_DEPLOYMENT_TARGET = 15.5;
				MTL_ENABLE_DEBUG_INFO = NO;
				MTL_FAST_MATH = YES;
				SDKROOT = iphoneos;
				SWIFT_COMPILATION_MODE = wholemodule;
				SWIFT_OPTIMIZATION_LEVEL = "-O";
				VALIDATE_PRODUCT = YES;
			};
			name = Release;
		};
		1FF4351D28901F5000ECC3DF /* Debug */ = {
			isa = XCBuildConfiguration;
			buildSettings = {
				ALWAYS_EMBED_SWIFT_STANDARD_LIBRARIES = YES;
				ASSETCATALOG_COMPILER_APPICON_NAME = AppIcon;
				ASSETCATALOG_COMPILER_GLOBAL_ACCENT_COLOR_NAME = AccentColor;
				CODE_SIGN_ENTITLEMENTS = PagHW/PagHW.entitlements;
				CODE_SIGN_STYLE = Automatic;
				CURRENT_PROJECT_VERSION = 1;
				DEVELOPMENT_ASSET_PATHS = "\"PagHW/Preview Content\"";
				DEVELOPMENT_TEAM = 6JQR5WH86M;
				ENABLE_PREVIEWS = YES;
				GENERATE_INFOPLIST_FILE = YES;
				INFOPLIST_KEY_NSFaceIDUsageDescription = "Unlocking is needed.";
				INFOPLIST_KEY_UIApplicationSceneManifest_Generation = YES;
				INFOPLIST_KEY_UIApplicationSupportsIndirectInputEvents = YES;
				INFOPLIST_KEY_UILaunchScreen_Generation = YES;
				INFOPLIST_KEY_UISupportedInterfaceOrientations_iPad = "UIInterfaceOrientationPortrait UIInterfaceOrientationPortraitUpsideDown UIInterfaceOrientationLandscapeLeft UIInterfaceOrientationLandscapeRight";
				INFOPLIST_KEY_UISupportedInterfaceOrientations_iPhone = "UIInterfaceOrientationPortrait UIInterfaceOrientationLandscapeLeft UIInterfaceOrientationLandscapeRight";
				LD_RUNPATH_SEARCH_PATHS = (
					"$(inherited)",
					"@executable_path/Frameworks",
				);
				MARKETING_VERSION = 1.0;
				PRODUCT_BUNDLE_IDENTIFIER = h.PagHW;
				PRODUCT_NAME = "$(TARGET_NAME)";
				SWIFT_EMIT_LOC_STRINGS = YES;
				SWIFT_VERSION = 5.0;
				TARGETED_DEVICE_FAMILY = "1,2";
			};
			name = Debug;
		};
		1FF4351E28901F5000ECC3DF /* Release */ = {
			isa = XCBuildConfiguration;
			buildSettings = {
				ALWAYS_EMBED_SWIFT_STANDARD_LIBRARIES = YES;
				ASSETCATALOG_COMPILER_APPICON_NAME = AppIcon;
				ASSETCATALOG_COMPILER_GLOBAL_ACCENT_COLOR_NAME = AccentColor;
				CODE_SIGN_ENTITLEMENTS = PagHW/PagHW.entitlements;
				CODE_SIGN_STYLE = Automatic;
				CURRENT_PROJECT_VERSION = 1;
				DEVELOPMENT_ASSET_PATHS = "\"PagHW/Preview Content\"";
				DEVELOPMENT_TEAM = 6JQR5WH86M;
				ENABLE_PREVIEWS = YES;
				GENERATE_INFOPLIST_FILE = YES;
				INFOPLIST_KEY_NSFaceIDUsageDescription = "Unlocking is needed.";
				INFOPLIST_KEY_UIApplicationSceneManifest_Generation = YES;
				INFOPLIST_KEY_UIApplicationSupportsIndirectInputEvents = YES;
				INFOPLIST_KEY_UILaunchScreen_Generation = YES;
				INFOPLIST_KEY_UISupportedInterfaceOrientations_iPad = "UIInterfaceOrientationPortrait UIInterfaceOrientationPortraitUpsideDown UIInterfaceOrientationLandscapeLeft UIInterfaceOrientationLandscapeRight";
				INFOPLIST_KEY_UISupportedInterfaceOrientations_iPhone = "UIInterfaceOrientationPortrait UIInterfaceOrientationLandscapeLeft UIInterfaceOrientationLandscapeRight";
				LD_RUNPATH_SEARCH_PATHS = (
					"$(inherited)",
					"@executable_path/Frameworks",
				);
				MARKETING_VERSION = 1.0;
				PRODUCT_BUNDLE_IDENTIFIER = h.PagHW;
				PRODUCT_NAME = "$(TARGET_NAME)";
				SWIFT_EMIT_LOC_STRINGS = YES;
				SWIFT_VERSION = 5.0;
				TARGETED_DEVICE_FAMILY = "1,2";
			};
			name = Release;
		};
/* End XCBuildConfiguration section */

/* Begin XCConfigurationList section */
		1F48066828B50B6900E494A5 /* Build configuration list for PBXNativeTarget "AppExtensionExtension" */ = {
			isa = XCConfigurationList;
			buildConfigurations = (
				1F48066928B50B6900E494A5 /* Debug */,
				1F48066A28B50B6900E494A5 /* Release */,
			);
			defaultConfigurationIsVisible = 0;
			defaultConfigurationName = Release;
		};
		1FF4350928901F4E00ECC3DF /* Build configuration list for PBXProject "PagHW" */ = {
			isa = XCConfigurationList;
			buildConfigurations = (
				1FF4351A28901F5000ECC3DF /* Debug */,
				1FF4351B28901F5000ECC3DF /* Release */,
			);
			defaultConfigurationIsVisible = 0;
			defaultConfigurationName = Release;
		};
		1FF4351C28901F5000ECC3DF /* Build configuration list for PBXNativeTarget "PagHW" */ = {
			isa = XCConfigurationList;
			buildConfigurations = (
				1FF4351D28901F5000ECC3DF /* Debug */,
				1FF4351E28901F5000ECC3DF /* Release */,
			);
			defaultConfigurationIsVisible = 0;
			defaultConfigurationName = Release;
		};
/* End XCConfigurationList section */

/* Begin XCSwiftPackageProductDependency section */
		1FF4352528902A3A00ECC3DF /* NetworkLayer */ = {
			isa = XCSwiftPackageProductDependency;
			productName = NetworkLayer;
		};
/* End XCSwiftPackageProductDependency section */
	};
	rootObject = 1FF4350628901F4E00ECC3DF /* Project object */;
}
